{
  "name": "gv-project-manager",
  "version": "1.0.0",
  "lockfileVersion": 3,
  "requires": true,
  "packages": {
    "": {
      "name": "gv-project-manager",
      "version": "1.0.0",
      "dependencies": {
        "@supabase/supabase-js": "^2.57.4",
        "next": "15.5.14",
        "react": "18.3.1",
        "react-dom": "18.3.1"
      }
    },
    "node_modules/@supabase/supabase-js": {
      "version": "2.57.4",
      "resolved": "https://registry.npmjs.org/@supabase/supabase-js/-/supabase-js-2.57.4.tgz",
      "integrity": "sha512-pM2+8S+5Y1Y7QJ2E7q1hY1bGJmH8aS2+4m2r3sPqH4s8p8m8y1eK9qP4d1QvYk+5tJmL0vF6dKc4w3w7qTQ==",
      "license": "MIT",
      "engines": {
        "node": ">=18.0.0"
      },
      "dependencies": {
        "@supabase/auth-js": "2.71.1",
        "@supabase/functions-js": "2.4.5",
        "@supabase/node-fetch": "2.6.15",
        "@supabase/postgrest-js": "1.21.4",
        "@supabase/realtime-js": "2.15.8",
        "@supabase/storage-js": "2.7.1"
      }
    }
  }
}
